
Microsoft Visual Studio Solution File, Format Version 12.00
# Visual Studio Version 16
VisualStudioVersion = 16.0.29709.97
MinimumVisualStudioVersion = 10.0.40219.1
Project("{FAE04EC0-301F-11D3-BF4B-00C04F79EFBC}") = "class-2", "class-2\class-2.csproj", "{7CF85020-4BE1-4D6F-96EC-FE3E212E8180}"
EndProject
Global
	GlobalSection(SolutionConfigurationPlatforms) = preSolution
		Debug|Any CPU = Debug|Any CPU
		Release|Any CPU = Release|Any CPU
	EndGlobalSection
	GlobalSection(ProjectConfigurationPlatforms) = postSolution
		{7CF85020-4BE1-4D6F-96EC-FE3E212E8180}.Debug|Any CPU.ActiveCfg = Debug|Any CPU
		{7CF85020-4BE1-4D6F-96EC-FE3E212E8180}.Debug|Any CPU.Build.0 = Debug|Any CPU
		{7CF85020-4BE1-4D6F-96EC-FE3E212E8180}.Release|Any CPU.ActiveCfg = Release|Any CPU
		{7CF85020-4BE1-4D6F-96EC-FE3E212E8180}.Release|Any CPU.Build.0 = Release|Any CPU
	EndGlobalSection
	GlobalSection(SolutionProperties) = preSolution
		HideSolutionNode = FALSE
	EndGlobalSection
	GlobalSection(ExtensibilityGlobals) = postSolution
		SolutionGuid = {7E4935BA-9AC9-425F-80C3-C999E7A24250}
	EndGlobalSection
EndGlobal
